{
  "requires": true,
  "lockfileVersion": 1,
  "dependencies": {
    "autorest": {
      "version": "2.0.4245",
      "resolved": "https://registry.npmjs.org/autorest/-/autorest-2.0.4245.tgz",
      "integrity": "sha512-CRxb97Ib3b6GWpF2bE37Vvqtd5KfsZ912OBWe0k92Zvk8LxY4WcQu4C6F4Numm78m8FdIWTAH4u9uT91riVdxQ=="
    }
  }
}
